<?xml version="1.0" encoding="utf-8"?>
<Project ToolsVersion="4.0" xmlns="http://schemas.microsoft.com/developer/msbuild/2003">
  <ItemGroup>
    <Filter Include="source">
      <UniqueIdentifier>{4FC737F1-C7A5-4376-A066-2A32D752A2FF}</UniqueIdentifier>
    </Filter>
  </ItemGroup>
  <ItemGroup>
    <ClCompile Include="..\..\source\main.cpp">
      <Filter>source</Filter>
    </ClCompile>
    <ClCompile Include="..\..\source\stb_image.cpp">
      <Filter>source</Filter>
    </ClCompile>
    <ClCompile Include="..\..\source\image.cpp">
      <Filter>source</Filter>
    </ClCompile>
    <ClCompile Include="..\..\source\sphere.cpp">
      <Filter>source</Filter>
    </ClCompile>
    <ClCompile Include="..\..\source\hittable_list.cpp">
      <Filter>source</Filter>
    </ClCompile>
    <ClCompile Include="..\..\source\material.cpp">
      <Filter>source</Filter>
    </ClCompile>
    <ClCompile Include="..\..\source\camera.cpp">
      <Filter>source</Filter>
    </ClCompile>
    <ClCompile Include="..\..\source\command_line.cpp">
      <Filter>source</Filter>
    </ClCompile>
  </ItemGroup>
  <ItemGroup>
    <ClInclude Include="..\..\source\vec3.h">
      <Filter>source</Filter>
    </ClInclude>
    <ClInclude Include="..\..\source\ray.h">
      <Filter>source</Filter>
    </ClInclude>
    <ClInclude Include="..\..\source\image.h">
      <Filter>source</Filter>
    </ClInclude>
    <ClInclude Include="..\..\source\hittable.h">
      <Filter>source</Filter>
    </ClInclude>
    <ClInclude Include="..\..\source\sphere.h">
      <Filter>source</Filter>
    </ClInclude>
    <ClInclude Include="..\..\source\hittable_list.h">
      <Filter>source</Filter>
    </ClInclude>
    <ClInclude Include="..\..\source\material.h">
      <Filter>source</Filter>
    </ClInclude>
    <ClInclude Include="..\..\source\rtiow.h">
      <Filter>source</Filter>
    </ClInclude>
    <ClInclude Include="..\..\source\camera.h">
      <Filter>source</Filter>
    </ClInclude>
    <ClInclude Include="..\..\source\rng.h">
      <Filter>source</Filter>
    </ClInclude>
    <ClInclude Include="..\..\source\command_line.h">
      <Filter>source</Filter>
    </ClInclude>
  </ItemGroup>
</Project>